{
  "requires": true,
  "lockfileVersion": 1,
  "dependencies": {
    "classnames": {
      "version": "2.3.1",
      "resolved": "https://registry.npmjs.org/classnames/-/classnames-2.3.1.tgz",
      "integrity": "sha512-OlQdbZ7gLfGarSqxesMesDa5uz7KFbID8Kpq/SxIoNGDqY8lSYs0D+hhtBXhcdB3rcbXArFr7vlHheLk1voeNA=="
    },
    "js-tokens": {
      "version": "4.0.0",
      "resolved": "https://registry.npmjs.org/js-tokens/-/js-tokens-4.0.0.tgz",
      "integrity": "sha512-RdJUflcE3cUzKiMqQgsCu06FPu9UdIJO0beYbPhHN4k6apgJtifcoCtT9bcxOpYBtpD2kCM6Sbzg4CausW/PKQ=="
    },
    "lodash.debounce": {
      "version": "4.0.8",
      "resolved": "https://registry.npmjs.org/lodash.debounce/-/lodash.debounce-4.0.8.tgz",
      "integrity": "sha1-gteb/zCmfEAF/9XiUVMArZyk168="
    },
    "lodash.memoize": {
      "version": "4.1.2",
      "resolved": "https://registry.npmjs.org/lodash.memoize/-/lodash.memoize-4.1.2.tgz",
      "integrity": "sha1-vMbEmkKihA7Zl/Mj6tpezRguC/4="
    },
    "lodash.reduce": {
      "version": "4.6.0",
      "resolved": "https://registry.npmjs.org/lodash.reduce/-/lodash.reduce-4.6.0.tgz",
      "integrity": "sha1-8atrg5KZrUj3hKu/R2WW8DuRTTs="
    },
    "lodash.startswith": {
      "version": "4.2.1",
      "resolved": "https://registry.npmjs.org/lodash.startswith/-/lodash.startswith-4.2.1.tgz",
      "integrity": "sha1-xZjErc4YiiflMUVzHNxsDnF3YAw="
    },
    "loose-envify": {
      "version": "1.4.0",
      "resolved": "https://registry.npmjs.org/loose-envify/-/loose-envify-1.4.0.tgz",
      "integrity": "sha512-lyuxPGr/Wfhrlem2CL/UcnUc1zcqKAImBDzukY7Y5F/yQiNdko6+fRLevlw1HgMySw7f611UIY408EtxRSoK3Q==",
      "requires": {
        "js-tokens": "^3.0.0 || ^4.0.0"
      }
    },
    "object-assign": {
      "version": "4.1.1",
      "resolved": "https://registry.npmjs.org/object-assign/-/object-assign-4.1.1.tgz",
      "integrity": "sha1-IQmtx5ZYh8/AXLvUQsrIv7s2CGM="
    },
    "phone": {
      "version": "3.1.15",
      "resolved": "https://registry.npmjs.org/phone/-/phone-3.1.15.tgz",
      "integrity": "sha512-9p7uIFcuKB+lspsRNV+TfRJdG8Zm6rytFnuu+ScurXcvlJSDwJVpO5R5AFb0QaUvliMaeOkYdkHOSHjtHIRbeg=="
    },
    "prop-types": {
      "version": "15.8.1",
      "resolved": "https://registry.npmjs.org/prop-types/-/prop-types-15.8.1.tgz",
      "integrity": "sha512-oj87CgZICdulUohogVAR7AjlC0327U4el4L6eAvOqCeudMDVU0NThNaV+b9Df4dXgSP1gXMTnPdhfe/2qDH5cg==",
      "requires": {
        "loose-envify": "^1.4.0",
        "object-assign": "^4.1.1",
        "react-is": "^16.13.1"
      }
    },
    "react-contact-number-input": {
      "version": "1.1.1",
      "resolved": "https://registry.npmjs.org/react-contact-number-input/-/react-contact-number-input-1.1.1.tgz",
      "integrity": "sha512-uRuMYKABRROWCayFEVRpIMQtK/aM3We58JKROS8OBbwUpe9Y3PDC81RQzmmdSrUmi/XjZtg+jebsXjDGgnl7WA==",
      "requires": {
        "phone": "^3.1.12",
        "react-phone-input-2": "^2.15.0"
      }
    },
    "react-is": {
      "version": "16.13.1",
      "resolved": "https://registry.npmjs.org/react-is/-/react-is-16.13.1.tgz",
      "integrity": "sha512-24e6ynE2H+OKt4kqsOvNd8kBpV65zoxbA4BVsEOB3ARVWQki/DHzaUoC5KuON/BiccDaCCTZBuOcfZs70kR8bQ=="
    },
    "react-phone-input-2": {
      "version": "2.15.0",
      "resolved": "https://registry.npmjs.org/react-phone-input-2/-/react-phone-input-2-2.15.0.tgz",
      "integrity": "sha512-60EOJSgmRFl9Ar89/JznaDsdB9FNf5T6nvQf0sN1t3X7exrKHbUT3ij7HZn2Y7jigcPv9EkdyzVr0MiOk1FKmw==",
      "requires": {
        "classnames": "^2.2.6",
        "lodash.debounce": "^4.0.8",
        "lodash.memoize": "^4.1.2",
        "lodash.reduce": "^4.6.0",
        "lodash.startswith": "^4.2.1",
        "prop-types": "^15.7.2"
      }
    }
  }
}
